PODS:
  - FlexKit (0.0.6):
    - YogaKit
  - "UITableView+FDTemplateLayoutCell (1.6)"
  - Yoga (1.9.0)
  - YogaKit (1.9.0):
    - Yoga (~> 1.9)

DEPENDENCIES:
  - FlexKit (from `../FlexKit.podspec`)
  - "UITableView+FDTemplateLayoutCell"

SPEC REPOS:
  https://github.com/cocoapods/specs.git:
    - "UITableView+FDTemplateLayoutCell"
    - Yoga
    - YogaKit

EXTERNAL SOURCES:
  FlexKit:
    :path: "../FlexKit.podspec"

SPEC CHECKSUMS:
  FlexKit: dbc8482b3dde9392076d9384c5aa692c18f2033c
  "UITableView+FDTemplateLayoutCell": 5c949b4a5059c404b442926c0e80f81d10a2d66f
  Yoga: aaae8abea68951f60bee05f6277d3eed90bb91bb
  YogaKit: d447a9bb808718e6f58e52a2255a8050081a3ead

PODFILE CHECKSUM: 2c462e76ce50d75970804018857ff4342507129f

COCOAPODS: 1.5.3
